PODS:
  - Flutter (1.0.0)
  - opencc_plugin (0.0.1):
    - Flutter

DEPENDENCIES:
  - Flutter (from `Flutter`)
  - opencc_plugin (from `.symlinks/plugins/opencc_plugin/ios`)

EXTERNAL SOURCES:
  Flutter:
    :path: Flutter
  opencc_plugin:
    :path: ".symlinks/plugins/opencc_plugin/ios"

SPEC CHECKSUMS:
  Flutter: 0e3d915762c693b495b44d77113d4970485de6ec
  opencc_plugin: bb14f687e9d3a8f513c9ae4e2575a7bdf709b449

PODFILE CHECKSUM: aafe91acc616949ddb318b77800a7f51bffa2a4c

COCOAPODS: 1.9.3
